// !$*UTF8*$!
{
	archiveVersion = 1;
	classes = {
	};
	objectVersion = 50;
	objects = {

/* Begin PBXBuildFile section */
		AFC7A44F23B0B19C00839B8E /* AppDelegate.swift in Sources */ = {isa = PBXBuildFile; fileRef = AFC7A44E23B0B19C00839B8E /* AppDelegate.swift */; };
		AFC7A45123B0B19C00839B8E /* SceneDelegate.swift in Sources */ = {isa = PBXBuildFile; fileRef = AFC7A45023B0B19C00839B8E /* SceneDelegate.swift */; };
		AFC7A45323B0B19C00839B8E /* ViewController.swift in Sources */ = {isa = PBXBuildFile; fileRef = AFC7A45223B0B19C00839B8E /* ViewController.swift */; };
		AFC7A45623B0B19C00839B8E /* Main.storyboard in Resources */ = {isa = PBXBuildFile; fileRef = AFC7A45423B0B19C00839B8E /* Main.storyboard */; };
		AFC7A45823B0B19E00839B8E /* Assets.xcassets in Resources */ = {isa = PBXBuildFile; fileRef = AFC7A45723B0B19E00839B8E /* Assets.xcassets */; };
		AFC7A45B23B0B19E00839B8E /* LaunchScreen.storyboard in Resources */ = {isa = PBXBuildFile; fileRef = AFC7A45923B0B19E00839B8E /* LaunchScreen.storyboard */; };
		AFC7A46423B0B21C00839B8E /* OperationTableViewCell.swift in Sources */ = {isa = PBXBuildFile; fileRef = AFC7A46223B0B21C00839B8E /* OperationTableViewCell.swift */; };
		AFC7A46523B0B21C00839B8E /* OperationTableViewCell.xib in Resources */ = {isa = PBXBuildFile; fileRef = AFC7A46323B0B21C00839B8E /* OperationTableViewCell.xib */; };
		AFC7A46723B0C2DB00839B8E /* Operation.swift in Sources */ = {isa = PBXBuildFile; fileRef = AFC7A46623B0C2DB00839B8E /* Operation.swift */; };
/* End PBXBuildFile section */

/* Begin PBXFileReference section */
		AFC7A44B23B0B19C00839B8E /* TableView-59451722.app */ = {isa = PBXFileReference; explicitFileType = wrapper.application; includeInIndex = 0; path = "TableView-59451722.app"; sourceTree = BUILT_PRODUCTS_DIR; };
		AFC7A44E23B0B19C00839B8E /* AppDelegate.swift */ = {isa = PBXFileReference; lastKnownFileType = sourcecode.swift; path = AppDelegate.swift; sourceTree = "<group>"; };
		AFC7A45023B0B19C00839B8E /* SceneDelegate.swift */ = {isa = PBXFileReference; lastKnownFileType = sourcecode.swift; path = SceneDelegate.swift; sourceTree = "<group>"; };
		AFC7A45223B0B19C00839B8E /* ViewController.swift */ = {isa = PBXFileReference; lastKnownFileType = sourcecode.swift; path = ViewController.swift; sourceTree = "<group>"; };
		AFC7A45523B0B19C00839B8E /* Base */ = {isa = PBXFileReference; lastKnownFileType = file.storyboard; name = Base; path = Base.lproj/Main.storyboard; sourceTree = "<group>"; };
		AFC7A45723B0B19E00839B8E /* Assets.xcassets */ = {isa = PBXFileReference; lastKnownFileType = folder.assetcatalog; path = Assets.xcassets; sourceTree = "<group>"; };
		AFC7A45A23B0B19E00839B8E /* Base */ = {isa = PBXFileReference; lastKnownFileType = file.storyboard; name = Base; path = Base.lproj/LaunchScreen.storyboard; sourceTree = "<group>"; };
		AFC7A45C23B0B19E00839B8E /* Info.plist */ = {isa = PBXFileReference; lastKnownFileType = text.plist.xml; path = Info.plist; sourceTree = "<group>"; };
		AFC7A46223B0B21C00839B8E /* OperationTableViewCell.swift */ = {isa = PBXFileReference; lastKnownFileType = sourcecode.swift; path = OperationTableViewCell.swift; sourceTree = "<group>"; };
		AFC7A46323B0B21C00839B8E /* OperationTableViewCell.xib */ = {isa = PBXFileReference; lastKnownFileType = file.xib; path = OperationTableViewCell.xib; sourceTree = "<group>"; };
		AFC7A46623B0C2DB00839B8E /* Operation.swift */ = {isa = PBXFileReference; lastKnownFileType = sourcecode.swift; path = Operation.swift; sourceTree = "<group>"; };
/* End PBXFileReference section */

/* Begin PBXFrameworksBuildPhase section */
		AFC7A44823B0B19C00839B8E /* Frameworks */ = {
			isa = PBXFrameworksBuildPhase;
			buildActionMask = 2147483647;
			files = (
			);
			runOnlyForDeploymentPostprocessing = 0;
		};
/* End PBXFrameworksBuildPhase section */

/* Begin PBXGroup section */
		AFC7A44223B0B19C00839B8E = {
			isa = PBXGroup;
			children = (
				AFC7A44D23B0B19C00839B8E /* TableView-59451722 */,
				AFC7A44C23B0B19C00839B8E /* Products */,
			);
			sourceTree = "<group>";
		};
		AFC7A44C23B0B19C00839B8E /* Products */ = {
			isa = PBXGroup;
			children = (
				AFC7A44B23B0B19C00839B8E /* TableView-59451722.app */,
			);
			name = Products;
			sourceTree = "<group>";
		};
		AFC7A44D23B0B19C00839B8E /* TableView-59451722 */ = {
			isa = PBXGroup;
			children = (
				AFC7A44E23B0B19C00839B8E /* AppDelegate.swift */,
				AFC7A45023B0B19C00839B8E /* SceneDelegate.swift */,
				AFC7A45223B0B19C00839B8E /* ViewController.swift */,
				AFC7A46623B0C2DB00839B8E /* Operation.swift */,
				AFC7A46223B0B21C00839B8E /* OperationTableViewCell.swift */,
				AFC7A46323B0B21C00839B8E /* OperationTableViewCell.xib */,
				AFC7A45423B0B19C00839B8E /* Main.storyboard */,
				AFC7A45723B0B19E00839B8E /* Assets.xcassets */,
				AFC7A45923B0B19E00839B8E /* LaunchScreen.storyboard */,
				AFC7A45C23B0B19E00839B8E /* Info.plist */,
			);
			path = "TableView-59451722";
			sourceTree = "<group>";
		};
/* End PBXGroup section */

/* Begin PBXNativeTarget section */
		AFC7A44A23B0B19C00839B8E /* TableView-59451722 */ = {
			isa = PBXNativeTarget;
			buildConfigurationList = AFC7A45F23B0B19E00839B8E /* Build configuration list for PBXNativeTarget "TableView-59451722" */;
			buildPhases = (
				AFC7A44723B0B19C00839B8E /* Sources */,
				AFC7A44823B0B19C00839B8E /* Frameworks */,
				AFC7A44923B0B19C00839B8E /* Resources */,
			);
			buildRules = (
			);
			dependencies = (
			);
			name = "TableView-59451722";
			productName = "TableView-59451722";
			productReference = AFC7A44B23B0B19C00839B8E /* TableView-59451722.app */;
			productType = "com.apple.product-type.application";
		};
/* End PBXNativeTarget section */

/* Begin PBXProject section */
		AFC7A44323B0B19C00839B8E /* Project object */ = {
			isa = PBXProject;
			attributes = {
				LastSwiftUpdateCheck = 1120;
				LastUpgradeCheck = 1120;
				ORGANIZATIONNAME = "Mufakkharul Islam Nayem";
				TargetAttributes = {
					AFC7A44A23B0B19C00839B8E = {
						CreatedOnToolsVersion = 11.2.1;
					};
				};
			};
			buildConfigurationList = AFC7A44623B0B19C00839B8E /* Build configuration list for PBXProject "TableView-59451722" */;
			compatibilityVersion = "Xcode 9.3";
			developmentRegion = en;
			hasScannedForEncodings = 0;
			knownRegions = (
				en,
				Base,
			);
			mainGroup = AFC7A44223B0B19C00839B8E;
			productRefGroup = AFC7A44C23B0B19C00839B8E /* Products */;
			projectDirPath = "";
			projectRoot = "";
			targets = (
				AFC7A44A23B0B19C00839B8E /* TableView-59451722 */,
			);
		};
/* End PBXProject section */

/* Begin PBXResourcesBuildPhase section */
		AFC7A44923B0B19C00839B8E /* Resources */ = {
			isa = PBXResourcesBuildPhase;
			buildActionMask = 2147483647;
			files = (
				AFC7A45B23B0B19E00839B8E /* LaunchScreen.storyboard in Resources */,
				AFC7A45823B0B19E00839B8E /* Assets.xcassets in Resources */,
				AFC7A45623B0B19C00839B8E /* Main.storyboard in Resources */,
				AFC7A46523B0B21C00839B8E /* OperationTableViewCell.xib in Resources */,
			);
			runOnlyForDeploymentPostprocessing = 0;
		};
/* End PBXResourcesBuildPhase section */

/* Begin PBXSourcesBuildPhase section */
		AFC7A44723B0B19C00839B8E /* Sources */ = {
			isa = PBXSourcesBuildPhase;
			buildActionMask = 2147483647;
			files = (
				AFC7A45323B0B19C00839B8E /* ViewController.swift in Sources */,
				AFC7A44F23B0B19C00839B8E /* AppDelegate.swift in Sources */,
				AFC7A45123B0B19C00839B8E /* SceneDelegate.swift in Sources */,
				AFC7A46723B0C2DB00839B8E /* Operation.swift in Sources */,
				AFC7A46423B0B21C00839B8E /* OperationTableViewCell.swift in Sources */,
			);
			runOnlyForDeploymentPostprocessing = 0;
		};
/* End PBXSourcesBuildPhase section */

/* Begin PBXVariantGroup section */
		AFC7A45423B0B19C00839B8E /* Main.storyboard */ = {
			isa = PBXVariantGroup;
			children = (
				AFC7A45523B0B19C00839B8E /* Base */,
			);
			name = Main.storyboard;
			sourceTree = "<group>";
		};
		AFC7A45923B0B19E00839B8E /* LaunchScreen.storyboard */ = {
			isa = PBXVariantGroup;
			children = (
				AFC7A45A23B0B19E00839B8E /* Base */,
			);
			name = LaunchScreen.storyboard;
			sourceTree = "<group>";
		};
/* End PBXVariantGroup section */

/* Begin XCBuildConfiguration section */
		AFC7A45D23B0B19E00839B8E /* Debug */ = {
			isa = XCBuildConfiguration;
			buildSettings = {
				ALWAYS_SEARCH_USER_PATHS = NO;
				CLANG_ANALYZER_NONNULL = YES;
				CLANG_ANALYZER_NUMBER_OBJECT_CONVERSION = YES_AGGRESSIVE;
				CLANG_CXX_LANGUAGE_STANDARD = "gnu++14";
				CLANG_CXX_LIBRARY = "libc++";
				CLANG_ENABLE_MODULES = YES;
				CLANG_ENABLE_OBJC_ARC = YES;
				CLANG_ENABLE_OBJC_WEAK = YES;
				CLANG_WARN_BLOCK_CAPTURE_AUTORELEASING = YES;
				CLANG_WARN_BOOL_CONVERSION = YES;
				CLANG_WARN_COMMA = YES;
				CLANG_WARN_CONSTANT_CONVERSION = YES;
				CLANG_WARN_DEPRECATED_OBJC_IMPLEMENTATIONS = YES;
				CLANG_WARN_DIRECT_OBJC_ISA_USAGE = YES_ERROR;
				CLANG_WARN_DOCUMENTATION_COMMENTS = YES;
				CLANG_WARN_EMPTY_BODY = YES;
				CLANG_WARN_ENUM_CONVERSION = YES;
				CLANG_WARN_INFINITE_RECURSION = YES;
				CLANG_WARN_INT_CONVERSION = YES;
				CLANG_WARN_NON_LITERAL_NULL_CONVERSION = YES;
				CLANG_WARN_OBJC_IMPLICIT_RETAIN_SELF = YES;
				CLANG_WARN_OBJC_LITERAL_CONVERSION = YES;
				CLANG_WARN_OBJC_ROOT_CLASS = YES_ERROR;
				CLANG_WARN_RANGE_LOOP_ANALYSIS = YES;
				CLANG_WARN_STRICT_PROTOTYPES = YES;
				CLANG_WARN_SUSPICIOUS_MOVE = YES;
				CLANG_WARN_UNGUARDED_AVAILABILITY = YES_AGGRESSIVE;
				CLANG_WARN_UNREACHABLE_CODE = YES;
				CLANG_WARN__DUPLICATE_METHOD_MATCH = YES;
				COPY_PHASE_STRIP = NO;
				DEBUG_INFORMATION_FORMAT = dwarf;
				ENABLE_STRICT_OBJC_MSGSEND = YES;
				ENABLE_TESTABILITY = YES;
				GCC_C_LANGUAGE_STANDARD = gnu11;
				GCC_DYNAMIC_NO_PIC = NO;
				GCC_NO_COMMON_BLOCKS = YES;
				GCC_OPTIMIZATION_LEVEL = 0;
				GCC_PREPROCESSOR_DEFINITIONS = (
					"DEBUG=1",
					"$(inherited)",
				);
				GCC_WARN_64_TO_32_BIT_CONVERSION = YES;
				GCC_WARN_ABOUT_RETURN_TYPE = YES_ERROR;
				GCC_WARN_UNDECLARED_SELECTOR = YES;
				GCC_WARN_UNINITIALIZED_AUTOS = YES_AGGRESSIVE;
				GCC_WARN_UNUSED_FUNCTION = YES;
				GCC_WARN_UNUSED_VARIABLE = YES;
				IPHONEOS_DEPLOYMENT_TARGET = 13.2;
				MTL_ENABLE_DEBUG_INFO = INCLUDE_SOURCE;
				MTL_FAST_MATH = YES;
				ONLY_ACTIVE_ARCH = YES;
				SDKROOT = iphoneos;
				SWIFT_ACTIVE_COMPILATION_CONDITIONS = DEBUG;
				SWIFT_OPTIMIZATION_LEVEL = "-Onone";
			};
			name = Debug;
		};
		AFC7A45E23B0B19E00839B8E /* Release */ = {
			isa = XCBuildConfiguration;
			buildSettings = {
				ALWAYS_SEARCH_USER_PATHS = NO;
				CLANG_ANALYZER_NONNULL = YES;
				CLANG_ANALYZER_NUMBER_OBJECT_CONVERSION = YES_AGGRESSIVE;
				CLANG_CXX_LANGUAGE_STANDARD = "gnu++14";
				CLANG_CXX_LIBRARY = "libc++";
				CLANG_ENABLE_MODULES = YES;
				CLANG_ENABLE_OBJC_ARC = YES;
				CLANG_ENABLE_OBJC_WEAK = YES;
				CLANG_WARN_BLOCK_CAPTURE_AUTORELEASING = YES;
				CLANG_WARN_BOOL_CONVERSION = YES;
				CLANG_WARN_COMMA = YES;
				CLANG_WARN_CONSTANT_CONVERSION = YES;
				CLANG_WARN_DEPRECATED_OBJC_IMPLEMENTATIONS = YES;
				CLANG_WARN_DIRECT_OBJC_ISA_USAGE = YES_ERROR;
				CLANG_WARN_DOCUMENTATION_COMMENTS = YES;
				CLANG_WARN_EMPTY_BODY = YES;
				CLANG_WARN_ENUM_CONVERSION = YES;
				CLANG_WARN_INFINITE_RECURSION = YES;
				CLANG_WARN_INT_CONVERSION = YES;
				CLANG_WARN_NON_LITERAL_NULL_CONVERSION = YES;
				CLANG_WARN_OBJC_IMPLICIT_RETAIN_SELF = YES;
				CLANG_WARN_OBJC_LITERAL_CONVERSION = YES;
				CLANG_WARN_OBJC_ROOT_CLASS = YES_ERROR;
				CLANG_WARN_RANGE_LOOP_ANALYSIS = YES;
				CLANG_WARN_STRICT_PROTOTYPES = YES;
				CLANG_WARN_SUSPICIOUS_MOVE = YES;
				CLANG_WARN_UNGUARDED_AVAILABILITY = YES_AGGRESSIVE;
				CLANG_WARN_UNREACHABLE_CODE = YES;
				CLANG_WARN__DUPLICATE_METHOD_MATCH = YES;
				COPY_PHASE_STRIP = NO;
				DEBUG_INFORMATION_FORMAT = "dwarf-with-dsym";
				ENABLE_NS_ASSERTIONS = NO;
				ENABLE_STRICT_OBJC_MSGSEND = YES;
				GCC_C_LANGUAGE_STANDARD = gnu11;
				GCC_NO_COMMON_BLOCKS = YES;
				GCC_WARN_64_TO_32_BIT_CONVERSION = YES;
				GCC_WARN_ABOUT_RETURN_TYPE = YES_ERROR;
				GCC_WARN_UNDECLARED_SELECTOR = YES;
				GCC_WARN_UNINITIALIZED_AUTOS = YES_AGGRESSIVE;
				GCC_WARN_UNUSED_FUNCTION = YES;
				GCC_WARN_UNUSED_VARIABLE = YES;
				IPHONEOS_DEPLOYMENT_TARGET = 13.2;
				MTL_ENABLE_DEBUG_INFO = NO;
				MTL_FAST_MATH = YES;
				SDKROOT = iphoneos;
				SWIFT_COMPILATION_MODE = wholemodule;
				SWIFT_OPTIMIZATION_LEVEL = "-O";
				VALIDATE_PRODUCT = YES;
			};
			name = Release;
		};
		AFC7A46023B0B19E00839B8E /* Debug */ = {
			isa = XCBuildConfiguration;
			buildSettings = {
				ASSETCATALOG_COMPILER_APPICON_NAME = AppIcon;
				CODE_SIGN_STYLE = Automatic;
				DEVELOPMENT_TEAM = P9N6Y48D77;
				INFOPLIST_FILE = "TableView-59451722/Info.plist";
				LD_RUNPATH_SEARCH_PATHS = (
					"$(inherited)",
					"@executable_path/Frameworks",
				);
				PRODUCT_BUNDLE_IDENTIFIER = "com.nayem.TableView-59451722";
				PRODUCT_NAME = "$(TARGET_NAME)";
				SWIFT_VERSION = 5.0;
				TARGETED_DEVICE_FAMILY = "1,2";
			};
			name = Debug;
		};
		AFC7A46123B0B19E00839B8E /* Release */ = {
			isa = XCBuildConfiguration;
			buildSettings = {
				ASSETCATALOG_COMPILER_APPICON_NAME = AppIcon;
				CODE_SIGN_STYLE = Automatic;
				DEVELOPMENT_TEAM = P9N6Y48D77;
				INFOPLIST_FILE = "TableView-59451722/Info.plist";
				LD_RUNPATH_SEARCH_PATHS = (
					"$(inherited)",
					"@executable_path/Frameworks",
				);
				PRODUCT_BUNDLE_IDENTIFIER = "com.nayem.TableView-59451722";
				PRODUCT_NAME = "$(TARGET_NAME)";
				SWIFT_VERSION = 5.0;
				TARGETED_DEVICE_FAMILY = "1,2";
			};
			name = Release;
		};
/* End XCBuildConfiguration section */

/* Begin XCConfigurationList section */
		AFC7A44623B0B19C00839B8E /* Build configuration list for PBXProject "TableView-59451722" */ = {
			isa = XCConfigurationList;
			buildConfigurations = (
				AFC7A45D23B0B19E00839B8E /* Debug */,
				AFC7A45E23B0B19E00839B8E /* Release */,
			);
			defaultConfigurationIsVisible = 0;
			defaultConfigurationName = Release;
		};
		AFC7A45F23B0B19E00839B8E /* Build configuration list for PBXNativeTarget "TableView-59451722" */ = {
			isa = XCConfigurationList;
			buildConfigurations = (
				AFC7A46023B0B19E00839B8E /* Debug */,
				AFC7A46123B0B19E00839B8E /* Release */,
			);
			defaultConfigurationIsVisible = 0;
			defaultConfigurationName = Release;
		};
/* End XCConfigurationList section */
	};
	rootObject = AFC7A44323B0B19C00839B8E /* Project object */;
}
